{
  "name": "subclass-dance-party",
  "version": "1.0.0",
  "lockfileVersion": 1,
  "requires": true,
  "dependencies": {
    "optimist": {
      "version": "0.1.7",
      "resolved": "https://registry.npmjs.org/optimist/-/optimist-0.1.7.tgz",
      "integrity": "sha1-+DqWRGNNRGvzk0UYJX1V3W0I4YM="
    },
    "rotate": {
      "version": "0.0.1",
      "resolved": "https://registry.npmjs.org/rotate/-/rotate-0.0.1.tgz",
      "integrity": "sha1-jLQvKkXDzVM9sGRA+x2BbY/3i0w=",
      "requires": {
        "optimist": "0.1.7"
      }
    }
  }
}
